// !$*UTF8*$!
{
	archiveVersion = 1;
	classes = {
	};
	objectVersion = 50;
	objects = {

/* Begin PBXBuildFile section */
		2898DEE02662CAB8005B87C4 /* WeSplitApp.swift in Sources */ = {isa = PBXBuildFile; fileRef = 2898DEDF2662CAB8005B87C4 /* WeSplitApp.swift */; };
		2898DEE22662CAB8005B87C4 /* ContentView.swift in Sources */ = {isa = PBXBuildFile; fileRef = 2898DEE12662CAB8005B87C4 /* ContentView.swift */; };
		2898DEE42662CAC1005B87C4 /* Assets.xcassets in Resources */ = {isa = PBXBuildFile; fileRef = 2898DEE32662CAC1005B87C4 /* Assets.xcassets */; };
		2898DEE72662CAC1005B87C4 /* Preview Assets.xcassets in Resources */ = {isa = PBXBuildFile; fileRef = 2898DEE62662CAC1005B87C4 /* Preview Assets.xcassets */; };
		2898DEE92662CAC1005B87C4 /* Persistence.swift in Sources */ = {isa = PBXBuildFile; fileRef = 2898DEE82662CAC1005B87C4 /* Persistence.swift */; };
		2898DEEC2662CAC1005B87C4 /* WeSplit.xcdatamodeld in Sources */ = {isa = PBXBuildFile; fileRef = 2898DEEA2662CAC1005B87C4 /* WeSplit.xcdatamodeld */; };
		2898DEF72662CAC2005B87C4 /* WeSplitTests.swift in Sources */ = {isa = PBXBuildFile; fileRef = 2898DEF62662CAC2005B87C4 /* WeSplitTests.swift */; };
		2898DF022662CAC2005B87C4 /* WeSplitUITests.swift in Sources */ = {isa = PBXBuildFile; fileRef = 2898DF012662CAC2005B87C4 /* WeSplitUITests.swift */; };
/* End PBXBuildFile section */

/* Begin PBXContainerItemProxy section */
		2898DEF32662CAC2005B87C4 /* PBXContainerItemProxy */ = {
			isa = PBXContainerItemProxy;
			containerPortal = 2898DED42662CAB8005B87C4 /* Project object */;
			proxyType = 1;
			remoteGlobalIDString = 2898DEDB2662CAB8005B87C4;
			remoteInfo = WeSplit;
		};
		2898DEFE2662CAC2005B87C4 /* PBXContainerItemProxy */ = {
			isa = PBXContainerItemProxy;
			containerPortal = 2898DED42662CAB8005B87C4 /* Project object */;
			proxyType = 1;
			remoteGlobalIDString = 2898DEDB2662CAB8005B87C4;
			remoteInfo = WeSplit;
		};
/* End PBXContainerItemProxy section */

/* Begin PBXFileReference section */
		2898DEDC2662CAB8005B87C4 /* WeSplit.app */ = {isa = PBXFileReference; explicitFileType = wrapper.application; includeInIndex = 0; path = WeSplit.app; sourceTree = BUILT_PRODUCTS_DIR; };
		2898DEDF2662CAB8005B87C4 /* WeSplitApp.swift */ = {isa = PBXFileReference; lastKnownFileType = sourcecode.swift; path = WeSplitApp.swift; sourceTree = "<group>"; };
		2898DEE12662CAB8005B87C4 /* ContentView.swift */ = {isa = PBXFileReference; lastKnownFileType = sourcecode.swift; path = ContentView.swift; sourceTree = "<group>"; };
		2898DEE32662CAC1005B87C4 /* Assets.xcassets */ = {isa = PBXFileReference; lastKnownFileType = folder.assetcatalog; path = Assets.xcassets; sourceTree = "<group>"; };
		2898DEE62662CAC1005B87C4 /* Preview Assets.xcassets */ = {isa = PBXFileReference; lastKnownFileType = folder.assetcatalog; path = "Preview Assets.xcassets"; sourceTree = "<group>"; };
		2898DEE82662CAC1005B87C4 /* Persistence.swift */ = {isa = PBXFileReference; lastKnownFileType = sourcecode.swift; path = Persistence.swift; sourceTree = "<group>"; };
		2898DEEB2662CAC1005B87C4 /* WeSplit.xcdatamodel */ = {isa = PBXFileReference; lastKnownFileType = wrapper.xcdatamodel; path = WeSplit.xcdatamodel; sourceTree = "<group>"; };
		2898DEED2662CAC1005B87C4 /* Info.plist */ = {isa = PBXFileReference; lastKnownFileType = text.plist.xml; path = Info.plist; sourceTree = "<group>"; };
		2898DEF22662CAC2005B87C4 /* WeSplitTests.xctest */ = {isa = PBXFileReference; explicitFileType = wrapper.cfbundle; includeInIndex = 0; path = WeSplitTests.xctest; sourceTree = BUILT_PRODUCTS_DIR; };
		2898DEF62662CAC2005B87C4 /* WeSplitTests.swift */ = {isa = PBXFileReference; lastKnownFileType = sourcecode.swift; path = WeSplitTests.swift; sourceTree = "<group>"; };
		2898DEF82662CAC2005B87C4 /* Info.plist */ = {isa = PBXFileReference; lastKnownFileType = text.plist.xml; path = Info.plist; sourceTree = "<group>"; };
		2898DEFD2662CAC2005B87C4 /* WeSplitUITests.xctest */ = {isa = PBXFileReference; explicitFileType = wrapper.cfbundle; includeInIndex = 0; path = WeSplitUITests.xctest; sourceTree = BUILT_PRODUCTS_DIR; };
		2898DF012662CAC2005B87C4 /* WeSplitUITests.swift */ = {isa = PBXFileReference; lastKnownFileType = sourcecode.swift; path = WeSplitUITests.swift; sourceTree = "<group>"; };
		2898DF032662CAC2005B87C4 /* Info.plist */ = {isa = PBXFileReference; lastKnownFileType = text.plist.xml; path = Info.plist; sourceTree = "<group>"; };
/* End PBXFileReference section */

/* Begin PBXFrameworksBuildPhase section */
		2898DED92662CAB8005B87C4 /* Frameworks */ = {
			isa = PBXFrameworksBuildPhase;
			buildActionMask = 2147483647;
			files = (
			);
			runOnlyForDeploymentPostprocessing = 0;
		};
		2898DEEF2662CAC2005B87C4 /* Frameworks */ = {
			isa = PBXFrameworksBuildPhase;
			buildActionMask = 2147483647;
			files = (
			);
			runOnlyForDeploymentPostprocessing = 0;
		};
		2898DEFA2662CAC2005B87C4 /* Frameworks */ = {
			isa = PBXFrameworksBuildPhase;
			buildActionMask = 2147483647;
			files = (
			);
			runOnlyForDeploymentPostprocessing = 0;
		};
/* End PBXFrameworksBuildPhase section */

/* Begin PBXGroup section */
		2898DED32662CAB8005B87C4 = {
			isa = PBXGroup;
			children = (
				2898DEDE2662CAB8005B87C4 /* WeSplit */,
				2898DEF52662CAC2005B87C4 /* WeSplitTests */,
				2898DF002662CAC2005B87C4 /* WeSplitUITests */,
				2898DEDD2662CAB8005B87C4 /* Products */,
			);
			sourceTree = "<group>";
		};
		2898DEDD2662CAB8005B87C4 /* Products */ = {
			isa = PBXGroup;
			children = (
				2898DEDC2662CAB8005B87C4 /* WeSplit.app */,
				2898DEF22662CAC2005B87C4 /* WeSplitTests.xctest */,
				2898DEFD2662CAC2005B87C4 /* WeSplitUITests.xctest */,
			);
			name = Products;
			sourceTree = "<group>";
		};
		2898DEDE2662CAB8005B87C4 /* WeSplit */ = {
			isa = PBXGroup;
			children = (
				2898DEDF2662CAB8005B87C4 /* WeSplitApp.swift */,
				2898DEE12662CAB8005B87C4 /* ContentView.swift */,
				2898DEE32662CAC1005B87C4 /* Assets.xcassets */,
				2898DEE82662CAC1005B87C4 /* Persistence.swift */,
				2898DEED2662CAC1005B87C4 /* Info.plist */,
				2898DEEA2662CAC1005B87C4 /* WeSplit.xcdatamodeld */,
				2898DEE52662CAC1005B87C4 /* Preview Content */,
			);
			path = WeSplit;
			sourceTree = "<group>";
		};
		2898DEE52662CAC1005B87C4 /* Preview Content */ = {
			isa = PBXGroup;
			children = (
				2898DEE62662CAC1005B87C4 /* Preview Assets.xcassets */,
			);
			path = "Preview Content";
			sourceTree = "<group>";
		};
		2898DEF52662CAC2005B87C4 /* WeSplitTests */ = {
			isa = PBXGroup;
			children = (
				2898DEF62662CAC2005B87C4 /* WeSplitTests.swift */,
				2898DEF82662CAC2005B87C4 /* Info.plist */,
			);
			path = WeSplitTests;
			sourceTree = "<group>";
		};
		2898DF002662CAC2005B87C4 /* WeSplitUITests */ = {
			isa = PBXGroup;
			children = (
				2898DF012662CAC2005B87C4 /* WeSplitUITests.swift */,
				2898DF032662CAC2005B87C4 /* Info.plist */,
			);
			path = WeSplitUITests;
			sourceTree = "<group>";
		};
/* End PBXGroup section */

/* Begin PBXNativeTarget section */
		2898DEDB2662CAB8005B87C4 /* WeSplit */ = {
			isa = PBXNativeTarget;
			buildConfigurationList = 2898DF062662CAC2005B87C4 /* Build configuration list for PBXNativeTarget "WeSplit" */;
			buildPhases = (
				2898DED82662CAB8005B87C4 /* Sources */,
				2898DED92662CAB8005B87C4 /* Frameworks */,
				2898DEDA2662CAB8005B87C4 /* Resources */,
			);
			buildRules = (
			);
			dependencies = (
			);
			name = WeSplit;
			productName = WeSplit;
			productReference = 2898DEDC2662CAB8005B87C4 /* WeSplit.app */;
			productType = "com.apple.product-type.application";
		};
		2898DEF12662CAC2005B87C4 /* WeSplitTests */ = {
			isa = PBXNativeTarget;
			buildConfigurationList = 2898DF092662CAC2005B87C4 /* Build configuration list for PBXNativeTarget "WeSplitTests" */;
			buildPhases = (
				2898DEEE2662CAC2005B87C4 /* Sources */,
				2898DEEF2662CAC2005B87C4 /* Frameworks */,
				2898DEF02662CAC2005B87C4 /* Resources */,
			);
			buildRules = (
			);
			dependencies = (
				2898DEF42662CAC2005B87C4 /* PBXTargetDependency */,
			);
			name = WeSplitTests;
			productName = WeSplitTests;
			productReference = 2898DEF22662CAC2005B87C4 /* WeSplitTests.xctest */;
			productType = "com.apple.product-type.bundle.unit-test";
		};
		2898DEFC2662CAC2005B87C4 /* WeSplitUITests */ = {
			isa = PBXNativeTarget;
			buildConfigurationList = 2898DF0C2662CAC2005B87C4 /* Build configuration list for PBXNativeTarget "WeSplitUITests" */;
			buildPhases = (
				2898DEF92662CAC2005B87C4 /* Sources */,
				2898DEFA2662CAC2005B87C4 /* Frameworks */,
				2898DEFB2662CAC2005B87C4 /* Resources */,
			);
			buildRules = (
			);
			dependencies = (
				2898DEFF2662CAC2005B87C4 /* PBXTargetDependency */,
			);
			name = WeSplitUITests;
			productName = WeSplitUITests;
			productReference = 2898DEFD2662CAC2005B87C4 /* WeSplitUITests.xctest */;
			productType = "com.apple.product-type.bundle.ui-testing";
		};
/* End PBXNativeTarget section */

/* Begin PBXProject section */
		2898DED42662CAB8005B87C4 /* Project object */ = {
			isa = PBXProject;
			attributes = {
				LastSwiftUpdateCheck = 1250;
				LastUpgradeCheck = 1250;
				TargetAttributes = {
					2898DEDB2662CAB8005B87C4 = {
						CreatedOnToolsVersion = 12.5;
					};
					2898DEF12662CAC2005B87C4 = {
						CreatedOnToolsVersion = 12.5;
						TestTargetID = 2898DEDB2662CAB8005B87C4;
					};
					2898DEFC2662CAC2005B87C4 = {
						CreatedOnToolsVersion = 12.5;
						TestTargetID = 2898DEDB2662CAB8005B87C4;
					};
				};
			};
			buildConfigurationList = 2898DED72662CAB8005B87C4 /* Build configuration list for PBXProject "WeSplit" */;
			compatibilityVersion = "Xcode 9.3";
			developmentRegion = en;
			hasScannedForEncodings = 0;
			knownRegions = (
				en,
				Base,
			);
			mainGroup = 2898DED32662CAB8005B87C4;
			productRefGroup = 2898DEDD2662CAB8005B87C4 /* Products */;
			projectDirPath = "";
			projectRoot = "";
			targets = (
				2898DEDB2662CAB8005B87C4 /* WeSplit */,
				2898DEF12662CAC2005B87C4 /* WeSplitTests */,
				2898DEFC2662CAC2005B87C4 /* WeSplitUITests */,
			);
		};
/* End PBXProject section */

/* Begin PBXResourcesBuildPhase section */
		2898DEDA2662CAB8005B87C4 /* Resources */ = {
			isa = PBXResourcesBuildPhase;
			buildActionMask = 2147483647;
			files = (
				2898DEE72662CAC1005B87C4 /* Preview Assets.xcassets in Resources */,
				2898DEE42662CAC1005B87C4 /* Assets.xcassets in Resources */,
			);
			runOnlyForDeploymentPostprocessing = 0;
		};
		2898DEF02662CAC2005B87C4 /* Resources */ = {
			isa = PBXResourcesBuildPhase;
			buildActionMask = 2147483647;
			files = (
			);
			runOnlyForDeploymentPostprocessing = 0;
		};
		2898DEFB2662CAC2005B87C4 /* Resources */ = {
			isa = PBXResourcesBuildPhase;
			buildActionMask = 2147483647;
			files = (
			);
			runOnlyForDeploymentPostprocessing = 0;
		};
/* End PBXResourcesBuildPhase section */

/* Begin PBXSourcesBuildPhase section */
		2898DED82662CAB8005B87C4 /* Sources */ = {
			isa = PBXSourcesBuildPhase;
			buildActionMask = 2147483647;
			files = (
				2898DEEC2662CAC1005B87C4 /* WeSplit.xcdatamodeld in Sources */,
				2898DEE92662CAC1005B87C4 /* Persistence.swift in Sources */,
				2898DEE22662CAB8005B87C4 /* ContentView.swift in Sources */,
				2898DEE02662CAB8005B87C4 /* WeSplitApp.swift in Sources */,
			);
			runOnlyForDeploymentPostprocessing = 0;
		};
		2898DEEE2662CAC2005B87C4 /* Sources */ = {
			isa = PBXSourcesBuildPhase;
			buildActionMask = 2147483647;
			files = (
				2898DEF72662CAC2005B87C4 /* WeSplitTests.swift in Sources */,
			);
			runOnlyForDeploymentPostprocessing = 0;
		};
		2898DEF92662CAC2005B87C4 /* Sources */ = {
			isa = PBXSourcesBuildPhase;
			buildActionMask = 2147483647;
			files = (
				2898DF022662CAC2005B87C4 /* WeSplitUITests.swift in Sources */,
			);
			runOnlyForDeploymentPostprocessing = 0;
		};
/* End PBXSourcesBuildPhase section */

/* Begin PBXTargetDependency section */
		2898DEF42662CAC2005B87C4 /* PBXTargetDependency */ = {
			isa = PBXTargetDependency;
			target = 2898DEDB2662CAB8005B87C4 /* WeSplit */;
			targetProxy = 2898DEF32662CAC2005B87C4 /* PBXContainerItemProxy */;
		};
		2898DEFF2662CAC2005B87C4 /* PBXTargetDependency */ = {
			isa = PBXTargetDependency;
			target = 2898DEDB2662CAB8005B87C4 /* WeSplit */;
			targetProxy = 2898DEFE2662CAC2005B87C4 /* PBXContainerItemProxy */;
		};
/* End PBXTargetDependency section */

/* Begin XCBuildConfiguration section */
		2898DF042662CAC2005B87C4 /* Debug */ = {
			isa = XCBuildConfiguration;
			buildSettings = {
				ALWAYS_SEARCH_USER_PATHS = NO;
				CLANG_ANALYZER_NONNULL = YES;
				CLANG_ANALYZER_NUMBER_OBJECT_CONVERSION = YES_AGGRESSIVE;
				CLANG_CXX_LANGUAGE_STANDARD = "gnu++14";
				CLANG_CXX_LIBRARY = "libc++";
				CLANG_ENABLE_MODULES = YES;
				CLANG_ENABLE_OBJC_ARC = YES;
				CLANG_ENABLE_OBJC_WEAK = YES;
				CLANG_WARN_BLOCK_CAPTURE_AUTORELEASING = YES;
				CLANG_WARN_BOOL_CONVERSION = YES;
				CLANG_WARN_COMMA = YES;
				CLANG_WARN_CONSTANT_CONVERSION = YES;
				CLANG_WARN_DEPRECATED_OBJC_IMPLEMENTATIONS = YES;
				CLANG_WARN_DIRECT_OBJC_ISA_USAGE = YES_ERROR;
				CLANG_WARN_DOCUMENTATION_COMMENTS = YES;
				CLANG_WARN_EMPTY_BODY = YES;
				CLANG_WARN_ENUM_CONVERSION = YES;
				CLANG_WARN_INFINITE_RECURSION = YES;
				CLANG_WARN_INT_CONVERSION = YES;
				CLANG_WARN_NON_LITERAL_NULL_CONVERSION = YES;
				CLANG_WARN_OBJC_IMPLICIT_RETAIN_SELF = YES;
				CLANG_WARN_OBJC_LITERAL_CONVERSION = YES;
				CLANG_WARN_OBJC_ROOT_CLASS = YES_ERROR;
				CLANG_WARN_QUOTED_INCLUDE_IN_FRAMEWORK_HEADER = YES;
				CLANG_WARN_RANGE_LOOP_ANALYSIS = YES;
				CLANG_WARN_STRICT_PROTOTYPES = YES;
				CLANG_WARN_SUSPICIOUS_MOVE = YES;
				CLANG_WARN_UNGUARDED_AVAILABILITY = YES_AGGRESSIVE;
				CLANG_WARN_UNREACHABLE_CODE = YES;
				CLANG_WARN__DUPLICATE_METHOD_MATCH = YES;
				COPY_PHASE_STRIP = NO;
				DEBUG_INFORMATION_FORMAT = dwarf;
				ENABLE_STRICT_OBJC_MSGSEND = YES;
				ENABLE_TESTABILITY = YES;
				GCC_C_LANGUAGE_STANDARD = gnu11;
				GCC_DYNAMIC_NO_PIC = NO;
				GCC_NO_COMMON_BLOCKS = YES;
				GCC_OPTIMIZATION_LEVEL = 0;
				GCC_PREPROCESSOR_DEFINITIONS = (
					"DEBUG=1",
					"$(inherited)",
				);
				GCC_WARN_64_TO_32_BIT_CONVERSION = YES;
				GCC_WARN_ABOUT_RETURN_TYPE = YES_ERROR;
				GCC_WARN_UNDECLARED_SELECTOR = YES;
				GCC_WARN_UNINITIALIZED_AUTOS = YES_AGGRESSIVE;
				GCC_WARN_UNUSED_FUNCTION = YES;
				GCC_WARN_UNUSED_VARIABLE = YES;
				IPHONEOS_DEPLOYMENT_TARGET = 14.5;
				MTL_ENABLE_DEBUG_INFO = INCLUDE_SOURCE;
				MTL_FAST_MATH = YES;
				ONLY_ACTIVE_ARCH = YES;
				SDKROOT = iphoneos;
				SWIFT_ACTIVE_COMPILATION_CONDITIONS = DEBUG;
				SWIFT_OPTIMIZATION_LEVEL = "-Onone";
			};
			name = Debug;
		};
		2898DF052662CAC2005B87C4 /* Release */ = {
			isa = XCBuildConfiguration;
			buildSettings = {
				ALWAYS_SEARCH_USER_PATHS = NO;
				CLANG_ANALYZER_NONNULL = YES;
				CLANG_ANALYZER_NUMBER_OBJECT_CONVERSION = YES_AGGRESSIVE;
				CLANG_CXX_LANGUAGE_STANDARD = "gnu++14";
				CLANG_CXX_LIBRARY = "libc++";
				CLANG_ENABLE_MODULES = YES;
				CLANG_ENABLE_OBJC_ARC = YES;
				CLANG_ENABLE_OBJC_WEAK = YES;
				CLANG_WARN_BLOCK_CAPTURE_AUTORELEASING = YES;
				CLANG_WARN_BOOL_CONVERSION = YES;
				CLANG_WARN_COMMA = YES;
				CLANG_WARN_CONSTANT_CONVERSION = YES;
				CLANG_WARN_DEPRECATED_OBJC_IMPLEMENTATIONS = YES;
				CLANG_WARN_DIRECT_OBJC_ISA_USAGE = YES_ERROR;
				CLANG_WARN_DOCUMENTATION_COMMENTS = YES;
				CLANG_WARN_EMPTY_BODY = YES;
				CLANG_WARN_ENUM_CONVERSION = YES;
				CLANG_WARN_INFINITE_RECURSION = YES;
				CLANG_WARN_INT_CONVERSION = YES;
				CLANG_WARN_NON_LITERAL_NULL_CONVERSION = YES;
				CLANG_WARN_OBJC_IMPLICIT_RETAIN_SELF = YES;
				CLANG_WARN_OBJC_LITERAL_CONVERSION = YES;
				CLANG_WARN_OBJC_ROOT_CLASS = YES_ERROR;
				CLANG_WARN_QUOTED_INCLUDE_IN_FRAMEWORK_HEADER = YES;
				CLANG_WARN_RANGE_LOOP_ANALYSIS = YES;
				CLANG_WARN_STRICT_PROTOTYPES = YES;
				CLANG_WARN_SUSPICIOUS_MOVE = YES;
				CLANG_WARN_UNGUARDED_AVAILABILITY = YES_AGGRESSIVE;
				CLANG_WARN_UNREACHABLE_CODE = YES;
				CLANG_WARN__DUPLICATE_METHOD_MATCH = YES;
				COPY_PHASE_STRIP = NO;
				DEBUG_INFORMATION_FORMAT = "dwarf-with-dsym";
				ENABLE_NS_ASSERTIONS = NO;
				ENABLE_STRICT_OBJC_MSGSEND = YES;
				GCC_C_LANGUAGE_STANDARD = gnu11;
				GCC_NO_COMMON_BLOCKS = YES;
				GCC_WARN_64_TO_32_BIT_CONVERSION = YES;
				GCC_WARN_ABOUT_RETURN_TYPE = YES_ERROR;
				GCC_WARN_UNDECLARED_SELECTOR = YES;
				GCC_WARN_UNINITIALIZED_AUTOS = YES_AGGRESSIVE;
				GCC_WARN_UNUSED_FUNCTION = YES;
				GCC_WARN_UNUSED_VARIABLE = YES;
				IPHONEOS_DEPLOYMENT_TARGET = 14.5;
				MTL_ENABLE_DEBUG_INFO = NO;
				MTL_FAST_MATH = YES;
				SDKROOT = iphoneos;
				SWIFT_COMPILATION_MODE = wholemodule;
				SWIFT_OPTIMIZATION_LEVEL = "-O";
				VALIDATE_PRODUCT = YES;
			};
			name = Release;
		};
		2898DF072662CAC2005B87C4 /* Debug */ = {
			isa = XCBuildConfiguration;
			buildSettings = {
				ASSETCATALOG_COMPILER_APPICON_NAME = AppIcon;
				ASSETCATALOG_COMPILER_GLOBAL_ACCENT_COLOR_NAME = AccentColor;
				CODE_SIGN_STYLE = Automatic;
				DEVELOPMENT_ASSET_PATHS = "\"WeSplit/Preview Content\"";
				DEVELOPMENT_TEAM = L2LXPMX582;
				ENABLE_PREVIEWS = YES;
				INFOPLIST_FILE = WeSplit/Info.plist;
				IPHONEOS_DEPLOYMENT_TARGET = 14.0;
				LD_RUNPATH_SEARCH_PATHS = (
					"$(inherited)",
					"@executable_path/Frameworks",
				);
				PRODUCT_BUNDLE_IDENTIFIER = com.poetcodes.wesplit.WeSplit;
				PRODUCT_NAME = "$(TARGET_NAME)";
				SWIFT_VERSION = 5.0;
				TARGETED_DEVICE_FAMILY = "1,2";
			};
			name = Debug;
		};
		2898DF082662CAC2005B87C4 /* Release */ = {
			isa = XCBuildConfiguration;
			buildSettings = {
				ASSETCATALOG_COMPILER_APPICON_NAME = AppIcon;
				ASSETCATALOG_COMPILER_GLOBAL_ACCENT_COLOR_NAME = AccentColor;
				CODE_SIGN_STYLE = Automatic;
				DEVELOPMENT_ASSET_PATHS = "\"WeSplit/Preview Content\"";
				DEVELOPMENT_TEAM = L2LXPMX582;
				ENABLE_PREVIEWS = YES;
				INFOPLIST_FILE = WeSplit/Info.plist;
				IPHONEOS_DEPLOYMENT_TARGET = 14.0;
				LD_RUNPATH_SEARCH_PATHS = (
					"$(inherited)",
					"@executable_path/Frameworks",
				);
				PRODUCT_BUNDLE_IDENTIFIER = com.poetcodes.wesplit.WeSplit;
				PRODUCT_NAME = "$(TARGET_NAME)";
				SWIFT_VERSION = 5.0;
				TARGETED_DEVICE_FAMILY = "1,2";
			};
			name = Release;
		};
		2898DF0A2662CAC2005B87C4 /* Debug */ = {
			isa = XCBuildConfiguration;
			buildSettings = {
				ALWAYS_EMBED_SWIFT_STANDARD_LIBRARIES = YES;
				BUNDLE_LOADER = "$(TEST_HOST)";
				CODE_SIGN_STYLE = Automatic;
				DEVELOPMENT_TEAM = L2LXPMX582;
				INFOPLIST_FILE = WeSplitTests/Info.plist;
				IPHONEOS_DEPLOYMENT_TARGET = 14.0;
				LD_RUNPATH_SEARCH_PATHS = (
					"$(inherited)",
					"@executable_path/Frameworks",
					"@loader_path/Frameworks",
				);
				PRODUCT_BUNDLE_IDENTIFIER = com.poetcodes.wesplit.WeSplitTests;
				PRODUCT_NAME = "$(TARGET_NAME)";
				SWIFT_VERSION = 5.0;
				TARGETED_DEVICE_FAMILY = "1,2";
				TEST_HOST = "$(BUILT_PRODUCTS_DIR)/WeSplit.app/WeSplit";
			};
			name = Debug;
		};
		2898DF0B2662CAC2005B87C4 /* Release */ = {
			isa = XCBuildConfiguration;
			buildSettings = {
				ALWAYS_EMBED_SWIFT_STANDARD_LIBRARIES = YES;
				BUNDLE_LOADER = "$(TEST_HOST)";
				CODE_SIGN_STYLE = Automatic;
				DEVELOPMENT_TEAM = L2LXPMX582;
				INFOPLIST_FILE = WeSplitTests/Info.plist;
				IPHONEOS_DEPLOYMENT_TARGET = 14.0;
				LD_RUNPATH_SEARCH_PATHS = (
					"$(inherited)",
					"@executable_path/Frameworks",
					"@loader_path/Frameworks",
				);
				PRODUCT_BUNDLE_IDENTIFIER = com.poetcodes.wesplit.WeSplitTests;
				PRODUCT_NAME = "$(TARGET_NAME)";
				SWIFT_VERSION = 5.0;
				TARGETED_DEVICE_FAMILY = "1,2";
				TEST_HOST = "$(BUILT_PRODUCTS_DIR)/WeSplit.app/WeSplit";
			};
			name = Release;
		};
		2898DF0D2662CAC2005B87C4 /* Debug */ = {
			isa = XCBuildConfiguration;
			buildSettings = {
				ALWAYS_EMBED_SWIFT_STANDARD_LIBRARIES = YES;
				CODE_SIGN_STYLE = Automatic;
				DEVELOPMENT_TEAM = L2LXPMX582;
				INFOPLIST_FILE = WeSplitUITests/Info.plist;
				LD_RUNPATH_SEARCH_PATHS = (
					"$(inherited)",
					"@executable_path/Frameworks",
					"@loader_path/Frameworks",
				);
				PRODUCT_BUNDLE_IDENTIFIER = com.poetcodes.wesplit.WeSplitUITests;
				PRODUCT_NAME = "$(TARGET_NAME)";
				SWIFT_VERSION = 5.0;
				TARGETED_DEVICE_FAMILY = "1,2";
				TEST_TARGET_NAME = WeSplit;
			};
			name = Debug;
		};
		2898DF0E2662CAC2005B87C4 /* Release */ = {
			isa = XCBuildConfiguration;
			buildSettings = {
				ALWAYS_EMBED_SWIFT_STANDARD_LIBRARIES = YES;
				CODE_SIGN_STYLE = Automatic;
				DEVELOPMENT_TEAM = L2LXPMX582;
				INFOPLIST_FILE = WeSplitUITests/Info.plist;
				LD_RUNPATH_SEARCH_PATHS = (
					"$(inherited)",
					"@executable_path/Frameworks",
					"@loader_path/Frameworks",
				);
				PRODUCT_BUNDLE_IDENTIFIER = com.poetcodes.wesplit.WeSplitUITests;
				PRODUCT_NAME = "$(TARGET_NAME)";
				SWIFT_VERSION = 5.0;
				TARGETED_DEVICE_FAMILY = "1,2";
				TEST_TARGET_NAME = WeSplit;
			};
			name = Release;
		};
/* End XCBuildConfiguration section */

/* Begin XCConfigurationList section */
		2898DED72662CAB8005B87C4 /* Build configuration list for PBXProject "WeSplit" */ = {
			isa = XCConfigurationList;
			buildConfigurations = (
				2898DF042662CAC2005B87C4 /* Debug */,
				2898DF052662CAC2005B87C4 /* Release */,
			);
			defaultConfigurationIsVisible = 0;
			defaultConfigurationName = Release;
		};
		2898DF062662CAC2005B87C4 /* Build configuration list for PBXNativeTarget "WeSplit" */ = {
			isa = XCConfigurationList;
			buildConfigurations = (
				2898DF072662CAC2005B87C4 /* Debug */,
				2898DF082662CAC2005B87C4 /* Release */,
			);
			defaultConfigurationIsVisible = 0;
			defaultConfigurationName = Release;
		};
		2898DF092662CAC2005B87C4 /* Build configuration list for PBXNativeTarget "WeSplitTests" */ = {
			isa = XCConfigurationList;
			buildConfigurations = (
				2898DF0A2662CAC2005B87C4 /* Debug */,
				2898DF0B2662CAC2005B87C4 /* Release */,
			);
			defaultConfigurationIsVisible = 0;
			defaultConfigurationName = Release;
		};
		2898DF0C2662CAC2005B87C4 /* Build configuration list for PBXNativeTarget "WeSplitUITests" */ = {
			isa = XCConfigurationList;
			buildConfigurations = (
				2898DF0D2662CAC2005B87C4 /* Debug */,
				2898DF0E2662CAC2005B87C4 /* Release */,
			);
			defaultConfigurationIsVisible = 0;
			defaultConfigurationName = Release;
		};
/* End XCConfigurationList section */

/* Begin XCVersionGroup section */
		2898DEEA2662CAC1005B87C4 /* WeSplit.xcdatamodeld */ = {
			isa = XCVersionGroup;
			children = (
				2898DEEB2662CAC1005B87C4 /* WeSplit.xcdatamodel */,
			);
			currentVersion = 2898DEEB2662CAC1005B87C4 /* WeSplit.xcdatamodel */;
			path = WeSplit.xcdatamodeld;
			sourceTree = "<group>";
			versionGroupType = wrapper.xcdatamodel;
		};
/* End XCVersionGroup section */
	};
	rootObject = 2898DED42662CAB8005B87C4 /* Project object */;
}
